# This file is automatically @generated by Cargo.
# It is not intended for manual editing.
version = 4

[[package]]
name = "hash_cli"
version = "0.1.0"
dependencies = [
 "sha_256",
]

[[package]]
name = "sha_256"
version = "1.0.1"
source = "registry+https://github.com/rust-lang/crates.io-index"
checksum = "67aa05c520a4a52e76d716c5e1fa67fb132d16df779b6479014e40b1aa16e921"
